
Microsoft Visual Studio Solution File, Format Version 12.00
# Visual Studio 15
VisualStudioVersion = 15.0.27004.2002
MinimumVisualStudioVersion = 10.0.40219.1
Project("{F184B08F-C81C-45F6-A57F-5ABD9991F28F}") = "Windows_ArchitectureTest", "Windows_ArchitectureTest\Windows_ArchitectureTest.vbproj", "{6DAF67C2-4A4E-4071-AD0E-D74907EDC892}"
EndProject
Global
	GlobalSection(SolutionConfigurationPlatforms) = preSolution
		Debug|Any CPU = Debug|Any CPU
		Release|Any CPU = Release|Any CPU
	EndGlobalSection
	GlobalSection(ProjectConfigurationPlatforms) = postSolution
		{6DAF67C2-4A4E-4071-AD0E-D74907EDC892}.Debug|Any CPU.ActiveCfg = Debug|Any CPU
		{6DAF67C2-4A4E-4071-AD0E-D74907EDC892}.Debug|Any CPU.Build.0 = Debug|Any CPU
		{6DAF67C2-4A4E-4071-AD0E-D74907EDC892}.Release|Any CPU.ActiveCfg = Release|Any CPU
		{6DAF67C2-4A4E-4071-AD0E-D74907EDC892}.Release|Any CPU.Build.0 = Release|Any CPU
	EndGlobalSection
	GlobalSection(SolutionProperties) = preSolution
		HideSolutionNode = FALSE
	EndGlobalSection
	GlobalSection(ExtensibilityGlobals) = postSolution
		SolutionGuid = {E0239788-77C0-40FA-8EBA-85E74B481626}
	EndGlobalSection
EndGlobal
